
Microsoft Visual Studio Solution File, Format Version 12.00
# Visual Studio 14
VisualStudioVersion = 14.0.25123.0
MinimumVisualStudioVersion = 10.0.40219.1
Project("{2150E333-8FDC-42A3-9474-1A3956D46DE8}") = "MavericksEntity", "MavericksEntity", "{525A931D-BBA6-4892-BB3D-472A41D104A6}"
EndProject
Project("{FAE04EC0-301F-11D3-BF4B-00C04F79EFBC}") = "MavericksEntity", "MavericksEntity\MavericksEntity.csproj", "{6034F85A-A29F-4FDD-BC7D-57EC2624708D}"
EndProject
Global
	GlobalSection(SolutionConfigurationPlatforms) = preSolution
		Debug|Any CPU = Debug|Any CPU
		Release|Any CPU = Release|Any CPU
	EndGlobalSection
	GlobalSection(ProjectConfigurationPlatforms) = postSolution
		{6034F85A-A29F-4FDD-BC7D-57EC2624708D}.Debug|Any CPU.ActiveCfg = Debug|Any CPU
		{6034F85A-A29F-4FDD-BC7D-57EC2624708D}.Debug|Any CPU.Build.0 = Debug|Any CPU
		{6034F85A-A29F-4FDD-BC7D-57EC2624708D}.Release|Any CPU.ActiveCfg = Release|Any CPU
		{6034F85A-A29F-4FDD-BC7D-57EC2624708D}.Release|Any CPU.Build.0 = Release|Any CPU
	EndGlobalSection
	GlobalSection(SolutionProperties) = preSolution
		HideSolutionNode = FALSE
	EndGlobalSection
	GlobalSection(NestedProjects) = preSolution
		{6034F85A-A29F-4FDD-BC7D-57EC2624708D} = {525A931D-BBA6-4892-BB3D-472A41D104A6}
	EndGlobalSection
EndGlobal
